// !$*UTF8*$!
{
	archiveVersion = 1;
	classes = {
	};
	objectVersion = 55;
	objects = {

/* Begin PBXBuildFile section */
		8C25E694D83C8B366697F1DE /* Pods_NewsApp.framework in Frameworks */ = {isa = PBXBuildFile; fileRef = 3682C6250D071D91095DF802 /* Pods_NewsApp.framework */; };
		CE1BF3F528955D08003394FA /* NewsModelObject.swift in Sources */ = {isa = PBXBuildFile; fileRef = CE1BF3F428955D08003394FA /* NewsModelObject.swift */; };
		CE2D3891287F845F0055CEA6 /* ImageExtension.swift in Sources */ = {isa = PBXBuildFile; fileRef = CE2D3890287F845F0055CEA6 /* ImageExtension.swift */; };
		CE698FDB28E7224B00031629 /* OnBoardingControllerFirst.swift in Sources */ = {isa = PBXBuildFile; fileRef = CE698FDA28E7224B00031629 /* OnBoardingControllerFirst.swift */; };
		CEB573DD2882F92D007CFF9E /* DateConvertorFomrat.swift in Sources */ = {isa = PBXBuildFile; fileRef = CEB573DC2882F92D007CFF9E /* DateConvertorFomrat.swift */; };
		CEBEAFF2287A411B006C9122 /* NewsApi.swift in Sources */ = {isa = PBXBuildFile; fileRef = CEBEAFF1287A411B006C9122 /* NewsApi.swift */; };
		CEBEAFF5287A45C0006C9122 /* NewsModel.swift in Sources */ = {isa = PBXBuildFile; fileRef = CEBEAFF4287A45C0006C9122 /* NewsModel.swift */; };
		CEC538F628E84968000FE021 /* WebViewController.swift in Sources */ = {isa = PBXBuildFile; fileRef = CEC538F528E84968000FE021 /* WebViewController.swift */; };
		CEC9D25F287D6C90005A0F6F /* NewsTableViewCell.swift in Sources */ = {isa = PBXBuildFile; fileRef = CEC9D25E287D6C90005A0F6F /* NewsTableViewCell.swift */; };
		CEEB571E2879C63C007E0E9F /* AppDelegate.swift in Sources */ = {isa = PBXBuildFile; fileRef = CEEB571D2879C63C007E0E9F /* AppDelegate.swift */; };
		CEEB57202879C63C007E0E9F /* SceneDelegate.swift in Sources */ = {isa = PBXBuildFile; fileRef = CEEB571F2879C63C007E0E9F /* SceneDelegate.swift */; };
		CEEB57222879C63C007E0E9F /* ViewController.swift in Sources */ = {isa = PBXBuildFile; fileRef = CEEB57212879C63C007E0E9F /* ViewController.swift */; };
		CEEB57272879C63D007E0E9F /* Assets.xcassets in Resources */ = {isa = PBXBuildFile; fileRef = CEEB57262879C63D007E0E9F /* Assets.xcassets */; };
		CEEB572A2879C63D007E0E9F /* LaunchScreen.storyboard in Resources */ = {isa = PBXBuildFile; fileRef = CEEB57282879C63D007E0E9F /* LaunchScreen.storyboard */; };
		CEEB57352879C63E007E0E9F /* NewsAppTests.swift in Sources */ = {isa = PBXBuildFile; fileRef = CEEB57342879C63E007E0E9F /* NewsAppTests.swift */; };
		CEEB573F2879C63E007E0E9F /* NewsAppUITests.swift in Sources */ = {isa = PBXBuildFile; fileRef = CEEB573E2879C63E007E0E9F /* NewsAppUITests.swift */; };
		CEEB57412879C63E007E0E9F /* NewsAppUITestsLaunchTests.swift in Sources */ = {isa = PBXBuildFile; fileRef = CEEB57402879C63E007E0E9F /* NewsAppUITestsLaunchTests.swift */; };
		CEEB574F2879C6E1007E0E9F /* NewsViewController.swift in Sources */ = {isa = PBXBuildFile; fileRef = CEEB574E2879C6E1007E0E9F /* NewsViewController.swift */; };
		CEEB57542879C94C007E0E9F /* HomeTabBarController.swift in Sources */ = {isa = PBXBuildFile; fileRef = CEEB57532879C94C007E0E9F /* HomeTabBarController.swift */; };
		CEEB57562879CB49007E0E9F /* DetailsViewController.swift in Sources */ = {isa = PBXBuildFile; fileRef = CEEB57552879CB49007E0E9F /* DetailsViewController.swift */; };
		CEEB57582879CCA6007E0E9F /* FavoriteViewController.swift in Sources */ = {isa = PBXBuildFile; fileRef = CEEB57572879CCA6007E0E9F /* FavoriteViewController.swift */; };
/* End PBXBuildFile section */

/* Begin PBXContainerItemProxy section */
		CEEB57312879C63E007E0E9F /* PBXContainerItemProxy */ = {
			isa = PBXContainerItemProxy;
			containerPortal = CEEB57122879C63C007E0E9F /* Project object */;
			proxyType = 1;
			remoteGlobalIDString = CEEB57192879C63C007E0E9F;
			remoteInfo = NewsApp;
		};
		CEEB573B2879C63E007E0E9F /* PBXContainerItemProxy */ = {
			isa = PBXContainerItemProxy;
			containerPortal = CEEB57122879C63C007E0E9F /* Project object */;
			proxyType = 1;
			remoteGlobalIDString = CEEB57192879C63C007E0E9F;
			remoteInfo = NewsApp;
		};
/* End PBXContainerItemProxy section */

/* Begin PBXFileReference section */
		3682C6250D071D91095DF802 /* Pods_NewsApp.framework */ = {isa = PBXFileReference; explicitFileType = wrapper.framework; includeInIndex = 0; path = Pods_NewsApp.framework; sourceTree = BUILT_PRODUCTS_DIR; };
		55028EEE9BF82C81ED66C55B /* Pods-NewsApp.debug.xcconfig */ = {isa = PBXFileReference; includeInIndex = 1; lastKnownFileType = text.xcconfig; name = "Pods-NewsApp.debug.xcconfig"; path = "Target Support Files/Pods-NewsApp/Pods-NewsApp.debug.xcconfig"; sourceTree = "<group>"; };
		AB6963EB5B18A289BD08F4D4 /* Pods-NewsApp.release.xcconfig */ = {isa = PBXFileReference; includeInIndex = 1; lastKnownFileType = text.xcconfig; name = "Pods-NewsApp.release.xcconfig"; path = "Target Support Files/Pods-NewsApp/Pods-NewsApp.release.xcconfig"; sourceTree = "<group>"; };
		CE1BF3F428955D08003394FA /* NewsModelObject.swift */ = {isa = PBXFileReference; lastKnownFileType = sourcecode.swift; path = NewsModelObject.swift; sourceTree = "<group>"; };
		CE2D3890287F845F0055CEA6 /* ImageExtension.swift */ = {isa = PBXFileReference; lastKnownFileType = sourcecode.swift; path = ImageExtension.swift; sourceTree = "<group>"; };
		CE698FDA28E7224B00031629 /* OnBoardingControllerFirst.swift */ = {isa = PBXFileReference; lastKnownFileType = sourcecode.swift; path = OnBoardingControllerFirst.swift; sourceTree = "<group>"; };
		CEB573DC2882F92D007CFF9E /* DateConvertorFomrat.swift */ = {isa = PBXFileReference; lastKnownFileType = sourcecode.swift; path = DateConvertorFomrat.swift; sourceTree = "<group>"; };
		CEBEAFF1287A411B006C9122 /* NewsApi.swift */ = {isa = PBXFileReference; lastKnownFileType = sourcecode.swift; path = NewsApi.swift; sourceTree = "<group>"; };
		CEBEAFF4287A45C0006C9122 /* NewsModel.swift */ = {isa = PBXFileReference; lastKnownFileType = sourcecode.swift; path = NewsModel.swift; sourceTree = "<group>"; };
		CEC538F528E84968000FE021 /* WebViewController.swift */ = {isa = PBXFileReference; lastKnownFileType = sourcecode.swift; path = WebViewController.swift; sourceTree = "<group>"; };
		CEC9D25E287D6C90005A0F6F /* NewsTableViewCell.swift */ = {isa = PBXFileReference; lastKnownFileType = sourcecode.swift; path = NewsTableViewCell.swift; sourceTree = "<group>"; };
		CEEB571A2879C63C007E0E9F /* NewsApp.app */ = {isa = PBXFileReference; explicitFileType = wrapper.application; includeInIndex = 0; path = NewsApp.app; sourceTree = BUILT_PRODUCTS_DIR; };
		CEEB571D2879C63C007E0E9F /* AppDelegate.swift */ = {isa = PBXFileReference; lastKnownFileType = sourcecode.swift; path = AppDelegate.swift; sourceTree = "<group>"; };
		CEEB571F2879C63C007E0E9F /* SceneDelegate.swift */ = {isa = PBXFileReference; lastKnownFileType = sourcecode.swift; path = SceneDelegate.swift; sourceTree = "<group>"; };
		CEEB57212879C63C007E0E9F /* ViewController.swift */ = {isa = PBXFileReference; lastKnownFileType = sourcecode.swift; path = ViewController.swift; sourceTree = "<group>"; };
		CEEB57262879C63D007E0E9F /* Assets.xcassets */ = {isa = PBXFileReference; lastKnownFileType = folder.assetcatalog; path = Assets.xcassets; sourceTree = "<group>"; };
		CEEB57292879C63D007E0E9F /* Base */ = {isa = PBXFileReference; lastKnownFileType = file.storyboard; name = Base; path = Base.lproj/LaunchScreen.storyboard; sourceTree = "<group>"; };
		CEEB572B2879C63D007E0E9F /* Info.plist */ = {isa = PBXFileReference; lastKnownFileType = text.plist.xml; path = Info.plist; sourceTree = "<group>"; };
		CEEB57302879C63E007E0E9F /* NewsAppTests.xctest */ = {isa = PBXFileReference; explicitFileType = wrapper.cfbundle; includeInIndex = 0; path = NewsAppTests.xctest; sourceTree = BUILT_PRODUCTS_DIR; };
		CEEB57342879C63E007E0E9F /* NewsAppTests.swift */ = {isa = PBXFileReference; lastKnownFileType = sourcecode.swift; path = NewsAppTests.swift; sourceTree = "<group>"; };
		CEEB573A2879C63E007E0E9F /* NewsAppUITests.xctest */ = {isa = PBXFileReference; explicitFileType = wrapper.cfbundle; includeInIndex = 0; path = NewsAppUITests.xctest; sourceTree = BUILT_PRODUCTS_DIR; };
		CEEB573E2879C63E007E0E9F /* NewsAppUITests.swift */ = {isa = PBXFileReference; lastKnownFileType = sourcecode.swift; path = NewsAppUITests.swift; sourceTree = "<group>"; };
		CEEB57402879C63E007E0E9F /* NewsAppUITestsLaunchTests.swift */ = {isa = PBXFileReference; lastKnownFileType = sourcecode.swift; path = NewsAppUITestsLaunchTests.swift; sourceTree = "<group>"; };
		CEEB574E2879C6E1007E0E9F /* NewsViewController.swift */ = {isa = PBXFileReference; lastKnownFileType = sourcecode.swift; path = NewsViewController.swift; sourceTree = "<group>"; };
		CEEB57532879C94C007E0E9F /* HomeTabBarController.swift */ = {isa = PBXFileReference; lastKnownFileType = sourcecode.swift; path = HomeTabBarController.swift; sourceTree = "<group>"; };
		CEEB57552879CB49007E0E9F /* DetailsViewController.swift */ = {isa = PBXFileReference; lastKnownFileType = sourcecode.swift; path = DetailsViewController.swift; sourceTree = "<group>"; };
		CEEB57572879CCA6007E0E9F /* FavoriteViewController.swift */ = {isa = PBXFileReference; lastKnownFileType = sourcecode.swift; path = FavoriteViewController.swift; sourceTree = "<group>"; };
/* End PBXFileReference section */

/* Begin PBXFrameworksBuildPhase section */
		CEEB57172879C63C007E0E9F /* Frameworks */ = {
			isa = PBXFrameworksBuildPhase;
			buildActionMask = 2147483647;
			files = (
				8C25E694D83C8B366697F1DE /* Pods_NewsApp.framework in Frameworks */,
			);
			runOnlyForDeploymentPostprocessing = 0;
		};
		CEEB572D2879C63E007E0E9F /* Frameworks */ = {
			isa = PBXFrameworksBuildPhase;
			buildActionMask = 2147483647;
			files = (
			);
			runOnlyForDeploymentPostprocessing = 0;
		};
		CEEB57372879C63E007E0E9F /* Frameworks */ = {
			isa = PBXFrameworksBuildPhase;
			buildActionMask = 2147483647;
			files = (
			);
			runOnlyForDeploymentPostprocessing = 0;
		};
/* End PBXFrameworksBuildPhase section */

/* Begin PBXGroup section */
		2EDFC75345646EFBE21CB6E1 /* Frameworks */ = {
			isa = PBXGroup;
			children = (
				3682C6250D071D91095DF802 /* Pods_NewsApp.framework */,
			);
			name = Frameworks;
			sourceTree = "<group>";
		};
		B7F3DCCD97FB385D7F088639 /* Pods */ = {
			isa = PBXGroup;
			children = (
				55028EEE9BF82C81ED66C55B /* Pods-NewsApp.debug.xcconfig */,
				AB6963EB5B18A289BD08F4D4 /* Pods-NewsApp.release.xcconfig */,
			);
			path = Pods;
			sourceTree = "<group>";
		};
		CE1BF3F328955CD7003394FA /* Database */ = {
			isa = PBXGroup;
			children = (
				CE1BF3F428955D08003394FA /* NewsModelObject.swift */,
			);
			path = Database;
			sourceTree = "<group>";
		};
		CE2D388F287F843E0055CEA6 /* Extension */ = {
			isa = PBXGroup;
			children = (
				CE2D3890287F845F0055CEA6 /* ImageExtension.swift */,
				CEB573DC2882F92D007CFF9E /* DateConvertorFomrat.swift */,
			);
			path = Extension;
			sourceTree = "<group>";
		};
		CE316D9D28E830EA00F2B4A7 /* New Group */ = {
			isa = PBXGroup;
			children = (
			);
			path = "New Group";
			sourceTree = "<group>";
		};
		CEBEAFF0287A40FA006C9122 /* Network */ = {
			isa = PBXGroup;
			children = (
				CEBEAFF3287A45AE006C9122 /* Model */,
				CEBEAFF1287A411B006C9122 /* NewsApi.swift */,
			);
			path = Network;
			sourceTree = "<group>";
		};
		CEBEAFF3287A45AE006C9122 /* Model */ = {
			isa = PBXGroup;
			children = (
				CEBEAFF4287A45C0006C9122 /* NewsModel.swift */,
			);
			path = Model;
			sourceTree = "<group>";
		};
		CEEB57112879C63C007E0E9F = {
			isa = PBXGroup;
			children = (
				CEEB571C2879C63C007E0E9F /* NewsApp */,
				CEEB57332879C63E007E0E9F /* NewsAppTests */,
				CEEB573D2879C63E007E0E9F /* NewsAppUITests */,
				CEEB571B2879C63C007E0E9F /* Products */,
				B7F3DCCD97FB385D7F088639 /* Pods */,
				2EDFC75345646EFBE21CB6E1 /* Frameworks */,
			);
			sourceTree = "<group>";
		};
		CEEB571B2879C63C007E0E9F /* Products */ = {
			isa = PBXGroup;
			children = (
				CEEB571A2879C63C007E0E9F /* NewsApp.app */,
				CEEB57302879C63E007E0E9F /* NewsAppTests.xctest */,
				CEEB573A2879C63E007E0E9F /* NewsAppUITests.xctest */,
			);
			name = Products;
			sourceTree = "<group>";
		};
		CEEB571C2879C63C007E0E9F /* NewsApp */ = {
			isa = PBXGroup;
			children = (
				CE1BF3F328955CD7003394FA /* Database */,
				CE2D388F287F843E0055CEA6 /* Extension */,
				CEBEAFF0287A40FA006C9122 /* Network */,
				CEEB574D2879C6AE007E0E9F /* controller */,
				CEEB571D2879C63C007E0E9F /* AppDelegate.swift */,
				CEEB571F2879C63C007E0E9F /* SceneDelegate.swift */,
				CEEB57212879C63C007E0E9F /* ViewController.swift */,
				CEEB57262879C63D007E0E9F /* Assets.xcassets */,
				CEEB57282879C63D007E0E9F /* LaunchScreen.storyboard */,
				CEEB572B2879C63D007E0E9F /* Info.plist */,
			);
			path = NewsApp;
			sourceTree = "<group>";
		};
		CEEB57332879C63E007E0E9F /* NewsAppTests */ = {
			isa = PBXGroup;
			children = (
				CEEB57342879C63E007E0E9F /* NewsAppTests.swift */,
			);
			path = NewsAppTests;
			sourceTree = "<group>";
		};
		CEEB573D2879C63E007E0E9F /* NewsAppUITests */ = {
			isa = PBXGroup;
			children = (
				CEEB573E2879C63E007E0E9F /* NewsAppUITests.swift */,
				CEEB57402879C63E007E0E9F /* NewsAppUITestsLaunchTests.swift */,
			);
			path = NewsAppUITests;
			sourceTree = "<group>";
		};
		CEEB574D2879C6AE007E0E9F /* controller */ = {
			isa = PBXGroup;
			children = (
				CE316D9D28E830EA00F2B4A7 /* New Group */,
				CEC9D25E287D6C90005A0F6F /* NewsTableViewCell.swift */,
				CEEB57502879C897007E0E9F /* bottomNavigation */,
			);
			path = controller;
			sourceTree = "<group>";
		};
		CEEB57502879C897007E0E9F /* bottomNavigation */ = {
			isa = PBXGroup;
			children = (
				CEEB574E2879C6E1007E0E9F /* NewsViewController.swift */,
				CEEB57532879C94C007E0E9F /* HomeTabBarController.swift */,
				CEEB57552879CB49007E0E9F /* DetailsViewController.swift */,
				CEEB57572879CCA6007E0E9F /* FavoriteViewController.swift */,
				CE698FDA28E7224B00031629 /* OnBoardingControllerFirst.swift */,
				CEC538F528E84968000FE021 /* WebViewController.swift */,
			);
			path = bottomNavigation;
			sourceTree = "<group>";
		};
/* End PBXGroup section */

/* Begin PBXNativeTarget section */
		CEEB57192879C63C007E0E9F /* NewsApp */ = {
			isa = PBXNativeTarget;
			buildConfigurationList = CEEB57442879C63E007E0E9F /* Build configuration list for PBXNativeTarget "NewsApp" */;
			buildPhases = (
				D4C9A4151B06A1262FF60D0D /* [CP] Check Pods Manifest.lock */,
				CEEB57162879C63C007E0E9F /* Sources */,
				CEEB57172879C63C007E0E9F /* Frameworks */,
				CEEB57182879C63C007E0E9F /* Resources */,
				01533295156EE23A2681D34C /* [CP] Embed Pods Frameworks */,
			);
			buildRules = (
			);
			dependencies = (
			);
			name = NewsApp;
			productName = NewsApp;
			productReference = CEEB571A2879C63C007E0E9F /* NewsApp.app */;
			productType = "com.apple.product-type.application";
		};
		CEEB572F2879C63E007E0E9F /* NewsAppTests */ = {
			isa = PBXNativeTarget;
			buildConfigurationList = CEEB57472879C63E007E0E9F /* Build configuration list for PBXNativeTarget "NewsAppTests" */;
			buildPhases = (
				CEEB572C2879C63E007E0E9F /* Sources */,
				CEEB572D2879C63E007E0E9F /* Frameworks */,
				CEEB572E2879C63E007E0E9F /* Resources */,
			);
			buildRules = (
			);
			dependencies = (
				CEEB57322879C63E007E0E9F /* PBXTargetDependency */,
			);
			name = NewsAppTests;
			productName = NewsAppTests;
			productReference = CEEB57302879C63E007E0E9F /* NewsAppTests.xctest */;
			productType = "com.apple.product-type.bundle.unit-test";
		};
		CEEB57392879C63E007E0E9F /* NewsAppUITests */ = {
			isa = PBXNativeTarget;
			buildConfigurationList = CEEB574A2879C63E007E0E9F /* Build configuration list for PBXNativeTarget "NewsAppUITests" */;
			buildPhases = (
				CEEB57362879C63E007E0E9F /* Sources */,
				CEEB57372879C63E007E0E9F /* Frameworks */,
				CEEB57382879C63E007E0E9F /* Resources */,
			);
			buildRules = (
			);
			dependencies = (
				CEEB573C2879C63E007E0E9F /* PBXTargetDependency */,
			);
			name = NewsAppUITests;
			productName = NewsAppUITests;
			productReference = CEEB573A2879C63E007E0E9F /* NewsAppUITests.xctest */;
			productType = "com.apple.product-type.bundle.ui-testing";
		};
/* End PBXNativeTarget section */

/* Begin PBXProject section */
		CEEB57122879C63C007E0E9F /* Project object */ = {
			isa = PBXProject;
			attributes = {
				BuildIndependentTargetsInParallel = 1;
				LastSwiftUpdateCheck = 1340;
				LastUpgradeCheck = 1340;
				TargetAttributes = {
					CEEB57192879C63C007E0E9F = {
						CreatedOnToolsVersion = 13.4.1;
					};
					CEEB572F2879C63E007E0E9F = {
						CreatedOnToolsVersion = 13.4.1;
						TestTargetID = CEEB57192879C63C007E0E9F;
					};
					CEEB57392879C63E007E0E9F = {
						CreatedOnToolsVersion = 13.4.1;
						TestTargetID = CEEB57192879C63C007E0E9F;
					};
				};
			};
			buildConfigurationList = CEEB57152879C63C007E0E9F /* Build configuration list for PBXProject "NewsApp" */;
			compatibilityVersion = "Xcode 13.0";
			developmentRegion = en;
			hasScannedForEncodings = 0;
			knownRegions = (
				en,
				Base,
			);
			mainGroup = CEEB57112879C63C007E0E9F;
			productRefGroup = CEEB571B2879C63C007E0E9F /* Products */;
			projectDirPath = "";
			projectRoot = "";
			targets = (
				CEEB57192879C63C007E0E9F /* NewsApp */,
				CEEB572F2879C63E007E0E9F /* NewsAppTests */,
				CEEB57392879C63E007E0E9F /* NewsAppUITests */,
			);
		};
/* End PBXProject section */

/* Begin PBXResourcesBuildPhase section */
		CEEB57182879C63C007E0E9F /* Resources */ = {
			isa = PBXResourcesBuildPhase;
			buildActionMask = 2147483647;
			files = (
				CEEB572A2879C63D007E0E9F /* LaunchScreen.storyboard in Resources */,
				CEEB57272879C63D007E0E9F /* Assets.xcassets in Resources */,
			);
			runOnlyForDeploymentPostprocessing = 0;
		};
		CEEB572E2879C63E007E0E9F /* Resources */ = {
			isa = PBXResourcesBuildPhase;
			buildActionMask = 2147483647;
			files = (
			);
			runOnlyForDeploymentPostprocessing = 0;
		};
		CEEB57382879C63E007E0E9F /* Resources */ = {
			isa = PBXResourcesBuildPhase;
			buildActionMask = 2147483647;
			files = (
			);
			runOnlyForDeploymentPostprocessing = 0;
		};
/* End PBXResourcesBuildPhase section */

/* Begin PBXShellScriptBuildPhase section */
		01533295156EE23A2681D34C /* [CP] Embed Pods Frameworks */ = {
			isa = PBXShellScriptBuildPhase;
			buildActionMask = 2147483647;
			files = (
			);
			inputFileListPaths = (
				"${PODS_ROOT}/Target Support Files/Pods-NewsApp/Pods-NewsApp-frameworks-${CONFIGURATION}-input-files.xcfilelist",
			);
			name = "[CP] Embed Pods Frameworks";
			outputFileListPaths = (
				"${PODS_ROOT}/Target Support Files/Pods-NewsApp/Pods-NewsApp-frameworks-${CONFIGURATION}-output-files.xcfilelist",
			);
			runOnlyForDeploymentPostprocessing = 0;
			shellPath = /bin/sh;
			shellScript = "\"${PODS_ROOT}/Target Support Files/Pods-NewsApp/Pods-NewsApp-frameworks.sh\"\n";
			showEnvVarsInLog = 0;
		};
		D4C9A4151B06A1262FF60D0D /* [CP] Check Pods Manifest.lock */ = {
			isa = PBXShellScriptBuildPhase;
			buildActionMask = 2147483647;
			files = (
			);
			inputFileListPaths = (
			);
			inputPaths = (
				"${PODS_PODFILE_DIR_PATH}/Podfile.lock",
				"${PODS_ROOT}/Manifest.lock",
			);
			name = "[CP] Check Pods Manifest.lock";
			outputFileListPaths = (
			);
			outputPaths = (
				"$(DERIVED_FILE_DIR)/Pods-NewsApp-checkManifestLockResult.txt",
			);
			runOnlyForDeploymentPostprocessing = 0;
			shellPath = /bin/sh;
			shellScript = "diff \"${PODS_PODFILE_DIR_PATH}/Podfile.lock\" \"${PODS_ROOT}/Manifest.lock\" > /dev/null\nif [ $? != 0 ] ; then\n    # print error to STDERR\n    echo \"error: The sandbox is not in sync with the Podfile.lock. Run 'pod install' or update your CocoaPods installation.\" >&2\n    exit 1\nfi\n# This output is used by Xcode 'outputs' to avoid re-running this script phase.\necho \"SUCCESS\" > \"${SCRIPT_OUTPUT_FILE_0}\"\n";
			showEnvVarsInLog = 0;
		};
/* End PBXShellScriptBuildPhase section */

/* Begin PBXSourcesBuildPhase section */
		CEEB57162879C63C007E0E9F /* Sources */ = {
			isa = PBXSourcesBuildPhase;
			buildActionMask = 2147483647;
			files = (
				CEEB57222879C63C007E0E9F /* ViewController.swift in Sources */,
				CEEB571E2879C63C007E0E9F /* AppDelegate.swift in Sources */,
				CEC9D25F287D6C90005A0F6F /* NewsTableViewCell.swift in Sources */,
				CEEB57202879C63C007E0E9F /* SceneDelegate.swift in Sources */,
				CEEB57582879CCA6007E0E9F /* FavoriteViewController.swift in Sources */,
				CEBEAFF5287A45C0006C9122 /* NewsModel.swift in Sources */,
				CEEB574F2879C6E1007E0E9F /* NewsViewController.swift in Sources */,
				CEEB57542879C94C007E0E9F /* HomeTabBarController.swift in Sources */,
				CE1BF3F528955D08003394FA /* NewsModelObject.swift in Sources */,
				CEBEAFF2287A411B006C9122 /* NewsApi.swift in Sources */,
				CEB573DD2882F92D007CFF9E /* DateConvertorFomrat.swift in Sources */,
				CE2D3891287F845F0055CEA6 /* ImageExtension.swift in Sources */,
				CEEB57562879CB49007E0E9F /* DetailsViewController.swift in Sources */,
				CEC538F628E84968000FE021 /* WebViewController.swift in Sources */,
				CE698FDB28E7224B00031629 /* OnBoardingControllerFirst.swift in Sources */,
			);
			runOnlyForDeploymentPostprocessing = 0;
		};
		CEEB572C2879C63E007E0E9F /* Sources */ = {
			isa = PBXSourcesBuildPhase;
			buildActionMask = 2147483647;
			files = (
				CEEB57352879C63E007E0E9F /* NewsAppTests.swift in Sources */,
			);
			runOnlyForDeploymentPostprocessing = 0;
		};
		CEEB57362879C63E007E0E9F /* Sources */ = {
			isa = PBXSourcesBuildPhase;
			buildActionMask = 2147483647;
			files = (
				CEEB573F2879C63E007E0E9F /* NewsAppUITests.swift in Sources */,
				CEEB57412879C63E007E0E9F /* NewsAppUITestsLaunchTests.swift in Sources */,
			);
			runOnlyForDeploymentPostprocessing = 0;
		};
/* End PBXSourcesBuildPhase section */

/* Begin PBXTargetDependency section */
		CEEB57322879C63E007E0E9F /* PBXTargetDependency */ = {
			isa = PBXTargetDependency;
			target = CEEB57192879C63C007E0E9F /* NewsApp */;
			targetProxy = CEEB57312879C63E007E0E9F /* PBXContainerItemProxy */;
		};
		CEEB573C2879C63E007E0E9F /* PBXTargetDependency */ = {
			isa = PBXTargetDependency;
			target = CEEB57192879C63C007E0E9F /* NewsApp */;
			targetProxy = CEEB573B2879C63E007E0E9F /* PBXContainerItemProxy */;
		};
/* End PBXTargetDependency section */

/* Begin PBXVariantGroup section */
		CEEB57282879C63D007E0E9F /* LaunchScreen.storyboard */ = {
			isa = PBXVariantGroup;
			children = (
				CEEB57292879C63D007E0E9F /* Base */,
			);
			name = LaunchScreen.storyboard;
			sourceTree = "<group>";
		};
/* End PBXVariantGroup section */

/* Begin XCBuildConfiguration section */
		CEEB57422879C63E007E0E9F /* Debug */ = {
			isa = XCBuildConfiguration;
			buildSettings = {
				ALWAYS_SEARCH_USER_PATHS = NO;
				CLANG_ANALYZER_NONNULL = YES;
				CLANG_ANALYZER_NUMBER_OBJECT_CONVERSION = YES_AGGRESSIVE;
				CLANG_CXX_LANGUAGE_STANDARD = "gnu++17";
				CLANG_ENABLE_MODULES = YES;
				CLANG_ENABLE_OBJC_ARC = YES;
				CLANG_ENABLE_OBJC_WEAK = YES;
				CLANG_WARN_BLOCK_CAPTURE_AUTORELEASING = YES;
				CLANG_WARN_BOOL_CONVERSION = YES;
				CLANG_WARN_COMMA = YES;
				CLANG_WARN_CONSTANT_CONVERSION = YES;
				CLANG_WARN_DEPRECATED_OBJC_IMPLEMENTATIONS = YES;
				CLANG_WARN_DIRECT_OBJC_ISA_USAGE = YES_ERROR;
				CLANG_WARN_DOCUMENTATION_COMMENTS = YES;
				CLANG_WARN_EMPTY_BODY = YES;
				CLANG_WARN_ENUM_CONVERSION = YES;
				CLANG_WARN_INFINITE_RECURSION = YES;
				CLANG_WARN_INT_CONVERSION = YES;
				CLANG_WARN_NON_LITERAL_NULL_CONVERSION = YES;
				CLANG_WARN_OBJC_IMPLICIT_RETAIN_SELF = YES;
				CLANG_WARN_OBJC_LITERAL_CONVERSION = YES;
				CLANG_WARN_OBJC_ROOT_CLASS = YES_ERROR;
				CLANG_WARN_QUOTED_INCLUDE_IN_FRAMEWORK_HEADER = YES;
				CLANG_WARN_RANGE_LOOP_ANALYSIS = YES;
				CLANG_WARN_STRICT_PROTOTYPES = YES;
				CLANG_WARN_SUSPICIOUS_MOVE = YES;
				CLANG_WARN_UNGUARDED_AVAILABILITY = YES_AGGRESSIVE;
				CLANG_WARN_UNREACHABLE_CODE = YES;
				CLANG_WARN__DUPLICATE_METHOD_MATCH = YES;
				COPY_PHASE_STRIP = NO;
				DEBUG_INFORMATION_FORMAT = dwarf;
				ENABLE_STRICT_OBJC_MSGSEND = YES;
				ENABLE_TESTABILITY = YES;
				GCC_C_LANGUAGE_STANDARD = gnu11;
				GCC_DYNAMIC_NO_PIC = NO;
				GCC_NO_COMMON_BLOCKS = YES;
				GCC_OPTIMIZATION_LEVEL = 0;
				GCC_PREPROCESSOR_DEFINITIONS = (
					"DEBUG=1",
					"$(inherited)",
				);
				GCC_WARN_64_TO_32_BIT_CONVERSION = YES;
				GCC_WARN_ABOUT_RETURN_TYPE = YES_ERROR;
				GCC_WARN_UNDECLARED_SELECTOR = YES;
				GCC_WARN_UNINITIALIZED_AUTOS = YES_AGGRESSIVE;
				GCC_WARN_UNUSED_FUNCTION = YES;
				GCC_WARN_UNUSED_VARIABLE = YES;
				IPHONEOS_DEPLOYMENT_TARGET = 15.5;
				MTL_ENABLE_DEBUG_INFO = INCLUDE_SOURCE;
				MTL_FAST_MATH = YES;
				ONLY_ACTIVE_ARCH = YES;
				SDKROOT = iphoneos;
				SWIFT_ACTIVE_COMPILATION_CONDITIONS = DEBUG;
				SWIFT_OPTIMIZATION_LEVEL = "-Onone";
			};
			name = Debug;
		};
		CEEB57432879C63E007E0E9F /* Release */ = {
			isa = XCBuildConfiguration;
			buildSettings = {
				ALWAYS_SEARCH_USER_PATHS = NO;
				CLANG_ANALYZER_NONNULL = YES;
				CLANG_ANALYZER_NUMBER_OBJECT_CONVERSION = YES_AGGRESSIVE;
				CLANG_CXX_LANGUAGE_STANDARD = "gnu++17";
				CLANG_ENABLE_MODULES = YES;
				CLANG_ENABLE_OBJC_ARC = YES;
				CLANG_ENABLE_OBJC_WEAK = YES;
				CLANG_WARN_BLOCK_CAPTURE_AUTORELEASING = YES;
				CLANG_WARN_BOOL_CONVERSION = YES;
				CLANG_WARN_COMMA = YES;
				CLANG_WARN_CONSTANT_CONVERSION = YES;
				CLANG_WARN_DEPRECATED_OBJC_IMPLEMENTATIONS = YES;
				CLANG_WARN_DIRECT_OBJC_ISA_USAGE = YES_ERROR;
				CLANG_WARN_DOCUMENTATION_COMMENTS = YES;
				CLANG_WARN_EMPTY_BODY = YES;
				CLANG_WARN_ENUM_CONVERSION = YES;
				CLANG_WARN_INFINITE_RECURSION = YES;
				CLANG_WARN_INT_CONVERSION = YES;
				CLANG_WARN_NON_LITERAL_NULL_CONVERSION = YES;
				CLANG_WARN_OBJC_IMPLICIT_RETAIN_SELF = YES;
				CLANG_WARN_OBJC_LITERAL_CONVERSION = YES;
				CLANG_WARN_OBJC_ROOT_CLASS = YES_ERROR;
				CLANG_WARN_QUOTED_INCLUDE_IN_FRAMEWORK_HEADER = YES;
				CLANG_WARN_RANGE_LOOP_ANALYSIS = YES;
				CLANG_WARN_STRICT_PROTOTYPES = YES;
				CLANG_WARN_SUSPICIOUS_MOVE = YES;
				CLANG_WARN_UNGUARDED_AVAILABILITY = YES_AGGRESSIVE;
				CLANG_WARN_UNREACHABLE_CODE = YES;
				CLANG_WARN__DUPLICATE_METHOD_MATCH = YES;
				COPY_PHASE_STRIP = NO;
				DEBUG_INFORMATION_FORMAT = "dwarf-with-dsym";
				ENABLE_NS_ASSERTIONS = NO;
				ENABLE_STRICT_OBJC_MSGSEND = YES;
				GCC_C_LANGUAGE_STANDARD = gnu11;
				GCC_NO_COMMON_BLOCKS = YES;
				GCC_WARN_64_TO_32_BIT_CONVERSION = YES;
				GCC_WARN_ABOUT_RETURN_TYPE = YES_ERROR;
				GCC_WARN_UNDECLARED_SELECTOR = YES;
				GCC_WARN_UNINITIALIZED_AUTOS = YES_AGGRESSIVE;
				GCC_WARN_UNUSED_FUNCTION = YES;
				GCC_WARN_UNUSED_VARIABLE = YES;
				IPHONEOS_DEPLOYMENT_TARGET = 15.5;
				MTL_ENABLE_DEBUG_INFO = NO;
				MTL_FAST_MATH = YES;
				SDKROOT = iphoneos;
				SWIFT_COMPILATION_MODE = wholemodule;
				SWIFT_OPTIMIZATION_LEVEL = "-O";
				VALIDATE_PRODUCT = YES;
			};
			name = Release;
		};
		CEEB57452879C63E007E0E9F /* Debug */ = {
			isa = XCBuildConfiguration;
			baseConfigurationReference = 55028EEE9BF82C81ED66C55B /* Pods-NewsApp.debug.xcconfig */;
			buildSettings = {
				ASSETCATALOG_COMPILER_APPICON_NAME = AppIcon;
				ASSETCATALOG_COMPILER_GLOBAL_ACCENT_COLOR_NAME = AccentColor;
				CODE_SIGN_IDENTITY = "Apple Development";
				CODE_SIGN_STYLE = Automatic;
				CURRENT_PROJECT_VERSION = 1;
				DEVELOPMENT_TEAM = XQ6ZRL6X2V;
				GENERATE_INFOPLIST_FILE = YES;
				INFOPLIST_FILE = NewsApp/Info.plist;
				INFOPLIST_KEY_UIApplicationSupportsIndirectInputEvents = YES;
				INFOPLIST_KEY_UILaunchStoryboardName = LaunchScreen;
				INFOPLIST_KEY_UISupportedInterfaceOrientations_iPad = "UIInterfaceOrientationPortrait UIInterfaceOrientationPortraitUpsideDown UIInterfaceOrientationLandscapeLeft UIInterfaceOrientationLandscapeRight";
				INFOPLIST_KEY_UISupportedInterfaceOrientations_iPhone = "UIInterfaceOrientationPortrait UIInterfaceOrientationLandscapeLeft UIInterfaceOrientationLandscapeRight";
				LD_RUNPATH_SEARCH_PATHS = (
					"$(inherited)",
					"@executable_path/Frameworks",
				);
				MARKETING_VERSION = 1.0;
				PRODUCT_BUNDLE_IDENTIFIER = com.firstproject.NewsApp;
				PRODUCT_NAME = "$(TARGET_NAME)";
				PROVISIONING_PROFILE_SPECIFIER = "";
				SWIFT_EMIT_LOC_STRINGS = YES;
				SWIFT_VERSION = 5.0;
				TARGETED_DEVICE_FAMILY = "1,2";
			};
			name = Debug;
		};
		CEEB57462879C63E007E0E9F /* Release */ = {
			isa = XCBuildConfiguration;
			baseConfigurationReference = AB6963EB5B18A289BD08F4D4 /* Pods-NewsApp.release.xcconfig */;
			buildSettings = {
				ASSETCATALOG_COMPILER_APPICON_NAME = AppIcon;
				ASSETCATALOG_COMPILER_GLOBAL_ACCENT_COLOR_NAME = AccentColor;
				CODE_SIGN_IDENTITY = "Apple Development";
				CODE_SIGN_STYLE = Automatic;
				CURRENT_PROJECT_VERSION = 1;
				DEVELOPMENT_TEAM = XQ6ZRL6X2V;
				GENERATE_INFOPLIST_FILE = YES;
				INFOPLIST_FILE = NewsApp/Info.plist;
				INFOPLIST_KEY_UIApplicationSupportsIndirectInputEvents = YES;
				INFOPLIST_KEY_UILaunchStoryboardName = LaunchScreen;
				INFOPLIST_KEY_UISupportedInterfaceOrientations_iPad = "UIInterfaceOrientationPortrait UIInterfaceOrientationPortraitUpsideDown UIInterfaceOrientationLandscapeLeft UIInterfaceOrientationLandscapeRight";
				INFOPLIST_KEY_UISupportedInterfaceOrientations_iPhone = "UIInterfaceOrientationPortrait UIInterfaceOrientationLandscapeLeft UIInterfaceOrientationLandscapeRight";
				LD_RUNPATH_SEARCH_PATHS = (
					"$(inherited)",
					"@executable_path/Frameworks",
				);
				MARKETING_VERSION = 1.0;
				PRODUCT_BUNDLE_IDENTIFIER = com.firstproject.NewsApp;
				PRODUCT_NAME = "$(TARGET_NAME)";
				PROVISIONING_PROFILE_SPECIFIER = "";
				SWIFT_EMIT_LOC_STRINGS = YES;
				SWIFT_VERSION = 5.0;
				TARGETED_DEVICE_FAMILY = "1,2";
			};
			name = Release;
		};
		CEEB57482879C63E007E0E9F /* Debug */ = {
			isa = XCBuildConfiguration;
			buildSettings = {
				ALWAYS_EMBED_SWIFT_STANDARD_LIBRARIES = YES;
				BUNDLE_LOADER = "$(TEST_HOST)";
				CODE_SIGN_STYLE = Automatic;
				CURRENT_PROJECT_VERSION = 1;
				DEVELOPMENT_TEAM = QU3S484LZM;
				GENERATE_INFOPLIST_FILE = YES;
				IPHONEOS_DEPLOYMENT_TARGET = 15.5;
				MARKETING_VERSION = 1.0;
				PRODUCT_BUNDLE_IDENTIFIER = com.firstproject.NewsAppTests;
				PRODUCT_NAME = "$(TARGET_NAME)";
				SWIFT_EMIT_LOC_STRINGS = NO;
				SWIFT_VERSION = 5.0;
				TARGETED_DEVICE_FAMILY = "1,2";
				TEST_HOST = "$(BUILT_PRODUCTS_DIR)/NewsApp.app/NewsApp";
			};
			name = Debug;
		};
		CEEB57492879C63E007E0E9F /* Release */ = {
			isa = XCBuildConfiguration;
			buildSettings = {
				ALWAYS_EMBED_SWIFT_STANDARD_LIBRARIES = YES;
				BUNDLE_LOADER = "$(TEST_HOST)";
				CODE_SIGN_STYLE = Automatic;
				CURRENT_PROJECT_VERSION = 1;
				DEVELOPMENT_TEAM = QU3S484LZM;
				GENERATE_INFOPLIST_FILE = YES;
				IPHONEOS_DEPLOYMENT_TARGET = 15.5;
				MARKETING_VERSION = 1.0;
				PRODUCT_BUNDLE_IDENTIFIER = com.firstproject.NewsAppTests;
				PRODUCT_NAME = "$(TARGET_NAME)";
				SWIFT_EMIT_LOC_STRINGS = NO;
				SWIFT_VERSION = 5.0;
				TARGETED_DEVICE_FAMILY = "1,2";
				TEST_HOST = "$(BUILT_PRODUCTS_DIR)/NewsApp.app/NewsApp";
			};
			name = Release;
		};
		CEEB574B2879C63E007E0E9F /* Debug */ = {
			isa = XCBuildConfiguration;
			buildSettings = {
				ALWAYS_EMBED_SWIFT_STANDARD_LIBRARIES = YES;
				CODE_SIGN_STYLE = Automatic;
				CURRENT_PROJECT_VERSION = 1;
				DEVELOPMENT_TEAM = QU3S484LZM;
				GENERATE_INFOPLIST_FILE = YES;
				MARKETING_VERSION = 1.0;
				PRODUCT_BUNDLE_IDENTIFIER = com.firstproject.NewsAppUITests;
				PRODUCT_NAME = "$(TARGET_NAME)";
				SWIFT_EMIT_LOC_STRINGS = NO;
				SWIFT_VERSION = 5.0;
				TARGETED_DEVICE_FAMILY = "1,2";
				TEST_TARGET_NAME = NewsApp;
			};
			name = Debug;
		};
		CEEB574C2879C63E007E0E9F /* Release */ = {
			isa = XCBuildConfiguration;
			buildSettings = {
				ALWAYS_EMBED_SWIFT_STANDARD_LIBRARIES = YES;
				CODE_SIGN_STYLE = Automatic;
				CURRENT_PROJECT_VERSION = 1;
				DEVELOPMENT_TEAM = QU3S484LZM;
				GENERATE_INFOPLIST_FILE = YES;
				MARKETING_VERSION = 1.0;
				PRODUCT_BUNDLE_IDENTIFIER = com.firstproject.NewsAppUITests;
				PRODUCT_NAME = "$(TARGET_NAME)";
				SWIFT_EMIT_LOC_STRINGS = NO;
				SWIFT_VERSION = 5.0;
				TARGETED_DEVICE_FAMILY = "1,2";
				TEST_TARGET_NAME = NewsApp;
			};
			name = Release;
		};
/* End XCBuildConfiguration section */

/* Begin XCConfigurationList section */
		CEEB57152879C63C007E0E9F /* Build configuration list for PBXProject "NewsApp" */ = {
			isa = XCConfigurationList;
			buildConfigurations = (
				CEEB57422879C63E007E0E9F /* Debug */,
				CEEB57432879C63E007E0E9F /* Release */,
			);
			defaultConfigurationIsVisible = 0;
			defaultConfigurationName = Release;
		};
		CEEB57442879C63E007E0E9F /* Build configuration list for PBXNativeTarget "NewsApp" */ = {
			isa = XCConfigurationList;
			buildConfigurations = (
				CEEB57452879C63E007E0E9F /* Debug */,
				CEEB57462879C63E007E0E9F /* Release */,
			);
			defaultConfigurationIsVisible = 0;
			defaultConfigurationName = Release;
		};
		CEEB57472879C63E007E0E9F /* Build configuration list for PBXNativeTarget "NewsAppTests" */ = {
			isa = XCConfigurationList;
			buildConfigurations = (
				CEEB57482879C63E007E0E9F /* Debug */,
				CEEB57492879C63E007E0E9F /* Release */,
			);
			defaultConfigurationIsVisible = 0;
			defaultConfigurationName = Release;
		};
		CEEB574A2879C63E007E0E9F /* Build configuration list for PBXNativeTarget "NewsAppUITests" */ = {
			isa = XCConfigurationList;
			buildConfigurations = (
				CEEB574B2879C63E007E0E9F /* Debug */,
				CEEB574C2879C63E007E0E9F /* Release */,
			);
			defaultConfigurationIsVisible = 0;
			defaultConfigurationName = Release;
		};
/* End XCConfigurationList section */
	};
	rootObject = CEEB57122879C63C007E0E9F /* Project object */;
}
